
Microsoft Visual Studio Solution File, Format Version 12.00
# Visual Studio Version 16
VisualStudioVersion = 16.0.31321.278
MinimumVisualStudioVersion = 10.0.40219.1
Project("{8BC9CEB8-8B4A-11D0-8D11-00A0C91BC942}") = "DllWinAPIRedirector", "DllWinAPIRedirector\DllWinAPIRedirector.vcxproj", "{693B8E0F-EB62-4A8A-8ECF-5A0BEA43EEB1}"
EndProject
Project("{8BC9CEB8-8B4A-11D0-8D11-00A0C91BC942}") = "Detours", "Detours\Detours.vcxproj", "{78741AD4-C634-40A9-AE09-9A2948998C18}"
EndProject
Project("{8BC9CEB8-8B4A-11D0-8D11-00A0C91BC942}") = "TestInjection", "TestInjection\TestInjection.vcxproj", "{DEE5F7CB-8680-4E05-BDDC-B87D152DD5AD}"
EndProject
Project("{8BC9CEB8-8B4A-11D0-8D11-00A0C91BC942}") = "FsFilter", "FsFilter\FsFilter.vcxproj", "{0672E03A-24F5-455D-8CC5-E4E069E140F8}"
EndProject
Project("{8BC9CEB8-8B4A-11D0-8D11-00A0C91BC942}") = "ProcessNotification", "ProcessNotification\ProcessNotification.vcxproj", "{898FEEC5-2556-44CC-853D-6EFC5DC569A6}"
EndProject
Global
	GlobalSection(SolutionConfigurationPlatforms) = preSolution
		Debug|x64 = Debug|x64
		Debug|x86 = Debug|x86
		Release|x64 = Release|x64
		Release|x86 = Release|x86
	EndGlobalSection
	GlobalSection(ProjectConfigurationPlatforms) = postSolution
		{693B8E0F-EB62-4A8A-8ECF-5A0BEA43EEB1}.Debug|x64.ActiveCfg = Debug|x64
		{693B8E0F-EB62-4A8A-8ECF-5A0BEA43EEB1}.Debug|x64.Build.0 = Debug|x64
		{693B8E0F-EB62-4A8A-8ECF-5A0BEA43EEB1}.Debug|x86.ActiveCfg = Debug|Win32
		{693B8E0F-EB62-4A8A-8ECF-5A0BEA43EEB1}.Debug|x86.Build.0 = Debug|Win32
		{693B8E0F-EB62-4A8A-8ECF-5A0BEA43EEB1}.Release|x64.ActiveCfg = Release|x64
		{693B8E0F-EB62-4A8A-8ECF-5A0BEA43EEB1}.Release|x64.Build.0 = Release|x64
		{693B8E0F-EB62-4A8A-8ECF-5A0BEA43EEB1}.Release|x86.ActiveCfg = Release|Win32
		{693B8E0F-EB62-4A8A-8ECF-5A0BEA43EEB1}.Release|x86.Build.0 = Release|Win32
		{78741AD4-C634-40A9-AE09-9A2948998C18}.Debug|x64.ActiveCfg = Debug|x64
		{78741AD4-C634-40A9-AE09-9A2948998C18}.Debug|x64.Build.0 = Debug|x64
		{78741AD4-C634-40A9-AE09-9A2948998C18}.Debug|x86.ActiveCfg = Debug|Win32
		{78741AD4-C634-40A9-AE09-9A2948998C18}.Debug|x86.Build.0 = Debug|Win32
		{78741AD4-C634-40A9-AE09-9A2948998C18}.Release|x64.ActiveCfg = Release|x64
		{78741AD4-C634-40A9-AE09-9A2948998C18}.Release|x64.Build.0 = Release|x64
		{78741AD4-C634-40A9-AE09-9A2948998C18}.Release|x86.ActiveCfg = Release|Win32
		{78741AD4-C634-40A9-AE09-9A2948998C18}.Release|x86.Build.0 = Release|Win32
		{DEE5F7CB-8680-4E05-BDDC-B87D152DD5AD}.Debug|x64.ActiveCfg = Debug|x64
		{DEE5F7CB-8680-4E05-BDDC-B87D152DD5AD}.Debug|x64.Build.0 = Debug|x64
		{DEE5F7CB-8680-4E05-BDDC-B87D152DD5AD}.Debug|x86.ActiveCfg = Debug|Win32
		{DEE5F7CB-8680-4E05-BDDC-B87D152DD5AD}.Debug|x86.Build.0 = Debug|Win32
		{DEE5F7CB-8680-4E05-BDDC-B87D152DD5AD}.Release|x64.ActiveCfg = Release|x64
		{DEE5F7CB-8680-4E05-BDDC-B87D152DD5AD}.Release|x64.Build.0 = Release|x64
		{DEE5F7CB-8680-4E05-BDDC-B87D152DD5AD}.Release|x86.ActiveCfg = Release|Win32
		{DEE5F7CB-8680-4E05-BDDC-B87D152DD5AD}.Release|x86.Build.0 = Release|Win32
		{0672E03A-24F5-455D-8CC5-E4E069E140F8}.Debug|x64.ActiveCfg = Debug|x64
		{0672E03A-24F5-455D-8CC5-E4E069E140F8}.Debug|x64.Build.0 = Debug|x64
		{0672E03A-24F5-455D-8CC5-E4E069E140F8}.Debug|x64.Deploy.0 = Debug|x64
		{0672E03A-24F5-455D-8CC5-E4E069E140F8}.Debug|x86.ActiveCfg = Debug|Win32
		{0672E03A-24F5-455D-8CC5-E4E069E140F8}.Debug|x86.Build.0 = Debug|Win32
		{0672E03A-24F5-455D-8CC5-E4E069E140F8}.Debug|x86.Deploy.0 = Debug|Win32
		{0672E03A-24F5-455D-8CC5-E4E069E140F8}.Release|x64.ActiveCfg = Release|x64
		{0672E03A-24F5-455D-8CC5-E4E069E140F8}.Release|x64.Build.0 = Release|x64
		{0672E03A-24F5-455D-8CC5-E4E069E140F8}.Release|x64.Deploy.0 = Release|x64
		{0672E03A-24F5-455D-8CC5-E4E069E140F8}.Release|x86.ActiveCfg = Release|Win32
		{0672E03A-24F5-455D-8CC5-E4E069E140F8}.Release|x86.Build.0 = Release|Win32
		{0672E03A-24F5-455D-8CC5-E4E069E140F8}.Release|x86.Deploy.0 = Release|Win32
		{898FEEC5-2556-44CC-853D-6EFC5DC569A6}.Debug|x64.ActiveCfg = Debug|x64
		{898FEEC5-2556-44CC-853D-6EFC5DC569A6}.Debug|x64.Build.0 = Debug|x64
		{898FEEC5-2556-44CC-853D-6EFC5DC569A6}.Debug|x86.ActiveCfg = Debug|Win32
		{898FEEC5-2556-44CC-853D-6EFC5DC569A6}.Debug|x86.Build.0 = Debug|Win32
		{898FEEC5-2556-44CC-853D-6EFC5DC569A6}.Release|x64.ActiveCfg = Release|x64
		{898FEEC5-2556-44CC-853D-6EFC5DC569A6}.Release|x64.Build.0 = Release|x64
		{898FEEC5-2556-44CC-853D-6EFC5DC569A6}.Release|x86.ActiveCfg = Release|Win32
		{898FEEC5-2556-44CC-853D-6EFC5DC569A6}.Release|x86.Build.0 = Release|Win32
	EndGlobalSection
	GlobalSection(SolutionProperties) = preSolution
		HideSolutionNode = FALSE
	EndGlobalSection
	GlobalSection(ExtensibilityGlobals) = postSolution
		SolutionGuid = {A135DC0E-9FDE-4203-87E9-A0D255AB8864}
	EndGlobalSection
EndGlobal
